
Microsoft Visual Studio Solution File, Format Version 12.00
# Visual Studio Version 17
VisualStudioVersion = 17.7.34031.279
MinimumVisualStudioVersion = 10.0.40219.1
Project("{9A19103F-16F7-4668-BE54-9A1E7A4F7556}") = "Server", "Server\Server.csproj", "{6E6BD5F9-59F3-4379-9A22-EF8416886040}"
EndProject
Project("{9A19103F-16F7-4668-BE54-9A1E7A4F7556}") = "NodeServer", "Client\NodeServer.csproj", "{8B5F3C5A-C7D4-4EE4-8ADA-0FCDE537E6FB}"
EndProject
Project("{9A19103F-16F7-4668-BE54-9A1E7A4F7556}") = "Domain", "Domain\Domain.csproj", "{C19AD0B8-5A3E-4B74-927D-08BFF51F09C1}"
EndProject
Project("{9A19103F-16F7-4668-BE54-9A1E7A4F7556}") = "SlaeSolverTests", "SlaeSolverTests\SlaeSolverTests.csproj", "{2479761C-2D86-43AA-A6B7-A5B0DD341B04}"
EndProject
Global
	GlobalSection(SolutionConfigurationPlatforms) = preSolution
		Debug|Any CPU = Debug|Any CPU
		Release|Any CPU = Release|Any CPU
	EndGlobalSection
	GlobalSection(ProjectConfigurationPlatforms) = postSolution
		{6E6BD5F9-59F3-4379-9A22-EF8416886040}.Debug|Any CPU.ActiveCfg = Debug|Any CPU
		{6E6BD5F9-59F3-4379-9A22-EF8416886040}.Debug|Any CPU.Build.0 = Debug|Any CPU
		{6E6BD5F9-59F3-4379-9A22-EF8416886040}.Release|Any CPU.ActiveCfg = Release|Any CPU
		{6E6BD5F9-59F3-4379-9A22-EF8416886040}.Release|Any CPU.Build.0 = Release|Any CPU
		{8B5F3C5A-C7D4-4EE4-8ADA-0FCDE537E6FB}.Debug|Any CPU.ActiveCfg = Debug|Any CPU
		{8B5F3C5A-C7D4-4EE4-8ADA-0FCDE537E6FB}.Debug|Any CPU.Build.0 = Debug|Any CPU
		{8B5F3C5A-C7D4-4EE4-8ADA-0FCDE537E6FB}.Release|Any CPU.ActiveCfg = Release|Any CPU
		{8B5F3C5A-C7D4-4EE4-8ADA-0FCDE537E6FB}.Release|Any CPU.Build.0 = Release|Any CPU
		{C19AD0B8-5A3E-4B74-927D-08BFF51F09C1}.Debug|Any CPU.ActiveCfg = Debug|Any CPU
		{C19AD0B8-5A3E-4B74-927D-08BFF51F09C1}.Debug|Any CPU.Build.0 = Debug|Any CPU
		{C19AD0B8-5A3E-4B74-927D-08BFF51F09C1}.Release|Any CPU.ActiveCfg = Release|Any CPU
		{C19AD0B8-5A3E-4B74-927D-08BFF51F09C1}.Release|Any CPU.Build.0 = Release|Any CPU
		{2479761C-2D86-43AA-A6B7-A5B0DD341B04}.Debug|Any CPU.ActiveCfg = Debug|Any CPU
		{2479761C-2D86-43AA-A6B7-A5B0DD341B04}.Debug|Any CPU.Build.0 = Debug|Any CPU
		{2479761C-2D86-43AA-A6B7-A5B0DD341B04}.Release|Any CPU.ActiveCfg = Release|Any CPU
		{2479761C-2D86-43AA-A6B7-A5B0DD341B04}.Release|Any CPU.Build.0 = Release|Any CPU
	EndGlobalSection
	GlobalSection(SolutionProperties) = preSolution
		HideSolutionNode = FALSE
	EndGlobalSection
	GlobalSection(ExtensibilityGlobals) = postSolution
		SolutionGuid = {E613DFF7-23F9-4F67-9AE8-8FF2F745AFF8}
	EndGlobalSection
EndGlobal
